Microsoft Visual Studio Solution File, Format Version 12.00
# Visual Studio Version 17
VisualStudioVersion = 17.0.31903.59
MinimumVisualStudioVersion = 10.0.40219.1
Project("{FAE04EC0-301F-11D3-BF4B-00C04F79EFBC}") = "NtAI", "src\main\NtAI.csproj", "{075e9727-919d-4b20-bcc0-ea41c0139e5b}"
EndProject
Global
	GlobalSection(SolutionConfigurationPlatforms) = preSolution
		Debug|Any CPU = Debug|Any CPU
		Release|Any CPU = Release|Any CPU
	EndGlobalSection
	GlobalSection(ProjectConfigurationPlatforms) = postSolution
		{075e9727-919d-4b20-bcc0-ea41c0139e5b}.Debug|Any CPU.ActiveCfg = Debug|Any CPU
		{075e9727-919d-4b20-bcc0-ea41c0139e5b}.Debug|Any CPU.Build.0 = Debug|Any CPU
		{075e9727-919d-4b20-bcc0-ea41c0139e5b}.Release|Any CPU.ActiveCfg = Release|Any CPU
		{075e9727-919d-4b20-bcc0-ea41c0139e5b}.Release|Any CPU.Build.0 = Release|Any CPU
	EndGlobalSection
EndGlobal
